
Microsoft Visual Studio Solution File, Format Version 12.00
# Visual Studio Version 17
VisualStudioVersion = 17.12.35527.113
MinimumVisualStudioVersion = 10.0.40219.1
Project("{FAE04EC0-301F-11D3-BF4B-00C04F79EFBC}") = "CSharpFeaturesDemo", "CSharpFeaturesDemo\CSharpFeaturesDemo.csproj", "{5F1D65FA-5EA2-469D-B210-F101C56A7AFA}"
EndProject
Project("{2150E333-8FDC-42A3-9474-1A3956D46DE8}") = "Events", "Events", "{4AD296EF-3F52-476B-8F43-122C8EDB6C2C}"
EndProject
Project("{2150E333-8FDC-42A3-9474-1A3956D46DE8}") = "Plugins", "Plugins", "{B3806C12-A0C0-413F-AC84-CFF05EEB602C}"
EndProject
Project("{FAE04EC0-301F-11D3-BF4B-00C04F79EFBC}") = "EventAggregator", "EventAggregator\EventAggregator.csproj", "{F3A389A5-100F-4D82-BEE6-B40AABCA9E75}"
EndProject
Project("{2150E333-8FDC-42A3-9474-1A3956D46DE8}") = "Interfaces", "Interfaces", "{EA3F3605-5B8E-4EB3-B168-B5FBF3CDE224}"
EndProject
Project("{FAE04EC0-301F-11D3-BF4B-00C04F79EFBC}") = "WpfPluginInterface", "WpfPluginInterface\WpfPluginInterface.csproj", "{869887FA-B440-4D60-8809-5CD2121FCB03}"
EndProject
Global
	GlobalSection(SolutionConfigurationPlatforms) = preSolution
		Debug|Any CPU = Debug|Any CPU
		Release|Any CPU = Release|Any CPU
	EndGlobalSection
	GlobalSection(ProjectConfigurationPlatforms) = postSolution
		{5F1D65FA-5EA2-469D-B210-F101C56A7AFA}.Debug|Any CPU.ActiveCfg = Debug|Any CPU
		{5F1D65FA-5EA2-469D-B210-F101C56A7AFA}.Debug|Any CPU.Build.0 = Debug|Any CPU
		{5F1D65FA-5EA2-469D-B210-F101C56A7AFA}.Release|Any CPU.ActiveCfg = Release|Any CPU
		{5F1D65FA-5EA2-469D-B210-F101C56A7AFA}.Release|Any CPU.Build.0 = Release|Any CPU
		{F3A389A5-100F-4D82-BEE6-B40AABCA9E75}.Debug|Any CPU.ActiveCfg = Debug|Any CPU
		{F3A389A5-100F-4D82-BEE6-B40AABCA9E75}.Debug|Any CPU.Build.0 = Debug|Any CPU
		{F3A389A5-100F-4D82-BEE6-B40AABCA9E75}.Release|Any CPU.ActiveCfg = Release|Any CPU
		{F3A389A5-100F-4D82-BEE6-B40AABCA9E75}.Release|Any CPU.Build.0 = Release|Any CPU
		{869887FA-B440-4D60-8809-5CD2121FCB03}.Debug|Any CPU.ActiveCfg = Debug|Any CPU
		{869887FA-B440-4D60-8809-5CD2121FCB03}.Debug|Any CPU.Build.0 = Debug|Any CPU
		{869887FA-B440-4D60-8809-5CD2121FCB03}.Release|Any CPU.ActiveCfg = Release|Any CPU
		{869887FA-B440-4D60-8809-5CD2121FCB03}.Release|Any CPU.Build.0 = Release|Any CPU
	EndGlobalSection
	GlobalSection(SolutionProperties) = preSolution
		HideSolutionNode = FALSE
	EndGlobalSection
	GlobalSection(NestedProjects) = preSolution
		{F3A389A5-100F-4D82-BEE6-B40AABCA9E75} = {4AD296EF-3F52-476B-8F43-122C8EDB6C2C}
		{EA3F3605-5B8E-4EB3-B168-B5FBF3CDE224} = {B3806C12-A0C0-413F-AC84-CFF05EEB602C}
		{869887FA-B440-4D60-8809-5CD2121FCB03} = {EA3F3605-5B8E-4EB3-B168-B5FBF3CDE224}
	EndGlobalSection
EndGlobal
