
Microsoft Visual Studio Solution File, Format Version 11.00
# Visual Studio 2010
Project("{F184B08F-C81C-45F6-A57F-5ABD9991F28F}") = "GeometriesAndDrawingsExample", "GeometriesAndDrawingsExample\GeometriesAndDrawingsExample.vbproj", "{7ECBA11D-CAA6-41A9-91A5-FBBEB524643F}"
EndProject
Global
	GlobalSection(SolutionConfigurationPlatforms) = preSolution
		Debug|x86 = Debug|x86
		Release|x86 = Release|x86
	EndGlobalSection
	GlobalSection(ProjectConfigurationPlatforms) = postSolution
		{7ECBA11D-CAA6-41A9-91A5-FBBEB524643F}.Debug|x86.ActiveCfg = Debug|x86
		{7ECBA11D-CAA6-41A9-91A5-FBBEB524643F}.Debug|x86.Build.0 = Debug|x86
		{7ECBA11D-CAA6-41A9-91A5-FBBEB524643F}.Release|x86.ActiveCfg = Release|x86
		{7ECBA11D-CAA6-41A9-91A5-FBBEB524643F}.Release|x86.Build.0 = Release|x86
	EndGlobalSection
	GlobalSection(SolutionProperties) = preSolution
		HideSolutionNode = FALSE
	EndGlobalSection
EndGlobal
